
Microsoft Visual Studio Solution File, Format Version 12.00
# Visual Studio 15
VisualStudioVersion = 15.0.28010.2046
MinimumVisualStudioVersion = 10.0.40219.1
Project("{2150E333-8FDC-42A3-9474-1A3956D46DE8}") = "FactoryPattern", "FactoryPattern", "{59969F3E-8100-4806-8D23-4FBCFA5436C4}"
EndProject
Project("{FAE04EC0-301F-11D3-BF4B-00C04F79EFBC}") = "CarAbstractFactory", "CarAbstractFactory\CarAbstractFactory.csproj", "{C1921EB6-06DF-4136-AF81-EDFF88C3D8F8}"
EndProject
Project("{FAE04EC0-301F-11D3-BF4B-00C04F79EFBC}") = "PizzaAbstractFactory", "PizzaAbstractFactory\PizzaAbstractFactory.csproj", "{E1E0607F-16D2-4388-A9CD-4E89729830BD}"
EndProject
Project("{FAE04EC0-301F-11D3-BF4B-00C04F79EFBC}") = "PizzaFactoryMethod", "PizzaFactory\PizzaFactoryMethod.csproj", "{E25FE2D5-FB00-4810-8098-015A6FD0E7B5}"
EndProject
Project("{FAE04EC0-301F-11D3-BF4B-00C04F79EFBC}") = "PizzaSimpleFactory", "PizzaSimpleFactory\PizzaSimpleFactory.csproj", "{147AFABC-93A8-4BCB-B180-469900E226BD}"
EndProject
Project("{2150E333-8FDC-42A3-9474-1A3956D46DE8}") = "ObserverPattern", "ObserverPattern", "{C3CBFF25-8394-4A75-85E2-06D716855A56}"
EndProject
Project("{FAE04EC0-301F-11D3-BF4B-00C04F79EFBC}") = "IObservable", "IObservable\IObservable.csproj", "{6F5E05A4-5F78-4DDB-B997-62A2EA2801FF}"
EndProject
Project("{FAE04EC0-301F-11D3-BF4B-00C04F79EFBC}") = "IObservableWeather", "IObservableWeather\IObservableWeather.csproj", "{1C2D71E1-40EB-4D13-BA8E-311BCAC5A7A1}"
EndProject
Project("{FAE04EC0-301F-11D3-BF4B-00C04F79EFBC}") = "ObserverPattern", "ObserverPattern\ObserverPattern.csproj", "{83278C76-8651-40D0-9B84-F8B1BD14BCBD}"
EndProject
Project("{FAE04EC0-301F-11D3-BF4B-00C04F79EFBC}") = "RxObservable", "RxObservable\RxObservable.csproj", "{911BA4D3-D22B-49D9-93BA-C1E810F16A54}"
EndProject
Project("{FAE04EC0-301F-11D3-BF4B-00C04F79EFBC}") = "CarAbstractFactory", "FactoryPattern\CarAbstractFactory\CarAbstractFactory.csproj", "{D59ED2E7-D377-473E-B3E8-8833D1381C1F}"
EndProject
Project("{2150E333-8FDC-42A3-9474-1A3956D46DE8}") = "Factory", "Factory", "{FA2BB3F2-F189-4FAD-84F0-44A774E12A4D}"
EndProject
Project("{FAE04EC0-301F-11D3-BF4B-00C04F79EFBC}") = "PizzaAbstractFactory", "FactoryPattern\PizzaAbstractFactory\PizzaAbstractFactory.csproj", "{8BD8719E-308A-408B-BE19-FC44E8E19029}"
EndProject
Project("{FAE04EC0-301F-11D3-BF4B-00C04F79EFBC}") = "PizzaFactoryMethod", "FactoryPattern\PizzaFactory\PizzaFactoryMethod.csproj", "{9A838399-EACB-4718-A369-3B7630F287AC}"
EndProject
Project("{FAE04EC0-301F-11D3-BF4B-00C04F79EFBC}") = "PizzaSimpleFactory", "FactoryPattern\PizzaSimpleFactory\PizzaSimpleFactory.csproj", "{9104E279-BFE7-4826-942E-A5FD71A821CC}"
EndProject
Project("{2150E333-8FDC-42A3-9474-1A3956D46DE8}") = "Observer", "Observer", "{C2C54FBC-4BFE-41E8-BF90-47C334F25FA1}"
EndProject
Project("{FAE04EC0-301F-11D3-BF4B-00C04F79EFBC}") = "IObservableWeather", "ObserverPattern\IObservableWeather\IObservableWeather.csproj", "{20E6F67A-E5C3-4CF1-BE83-E99F2B9D4644}"
EndProject
Project("{FAE04EC0-301F-11D3-BF4B-00C04F79EFBC}") = "RxObservable", "ObserverPattern\RxObservable\RxObservable.csproj", "{2D9B511A-AB77-47B7-B9AA-6636A4A2E6F1}"
EndProject
Project("{FAE04EC0-301F-11D3-BF4B-00C04F79EFBC}") = "ObserverPattern", "ObserverPattern\SimpleObserver\ObserverPattern.csproj", "{FD93F5C5-C2A9-45B6-B24B-82335244E964}"
EndProject
Project("{FAE04EC0-301F-11D3-BF4B-00C04F79EFBC}") = "SingletonPattern", "SingletonPattern\SingletonPattern.csproj", "{809B3757-245F-4E7F-A9BB-40285DB08056}"
EndProject
Project("{2150E333-8FDC-42A3-9474-1A3956D46DE8}") = "Singleton", "Singleton", "{046934A3-978B-43D1-BB08-28499EC038FB}"
EndProject
Project("{2150E333-8FDC-42A3-9474-1A3956D46DE8}") = "Adapter", "Adapter", "{FE39C43B-D412-4002-A873-0E23F3D425F3}"
EndProject
Project("{FAE04EC0-301F-11D3-BF4B-00C04F79EFBC}") = "AdapterPattern", "AdapterPattern\AdapterPattern.csproj", "{4C926D5D-2B1B-47E3-B04B-5B56680DB6E0}"
EndProject
Global
	GlobalSection(SolutionConfigurationPlatforms) = preSolution
		Debug|Any CPU = Debug|Any CPU
		Release|Any CPU = Release|Any CPU
	EndGlobalSection
	GlobalSection(ProjectConfigurationPlatforms) = postSolution
		{C1921EB6-06DF-4136-AF81-EDFF88C3D8F8}.Debug|Any CPU.ActiveCfg = Debug|Any CPU
		{C1921EB6-06DF-4136-AF81-EDFF88C3D8F8}.Debug|Any CPU.Build.0 = Debug|Any CPU
		{C1921EB6-06DF-4136-AF81-EDFF88C3D8F8}.Release|Any CPU.ActiveCfg = Release|Any CPU
		{C1921EB6-06DF-4136-AF81-EDFF88C3D8F8}.Release|Any CPU.Build.0 = Release|Any CPU
		{E1E0607F-16D2-4388-A9CD-4E89729830BD}.Debug|Any CPU.ActiveCfg = Debug|Any CPU
		{E1E0607F-16D2-4388-A9CD-4E89729830BD}.Debug|Any CPU.Build.0 = Debug|Any CPU
		{E1E0607F-16D2-4388-A9CD-4E89729830BD}.Release|Any CPU.ActiveCfg = Release|Any CPU
		{E1E0607F-16D2-4388-A9CD-4E89729830BD}.Release|Any CPU.Build.0 = Release|Any CPU
		{E25FE2D5-FB00-4810-8098-015A6FD0E7B5}.Debug|Any CPU.ActiveCfg = Debug|Any CPU
		{E25FE2D5-FB00-4810-8098-015A6FD0E7B5}.Debug|Any CPU.Build.0 = Debug|Any CPU
		{E25FE2D5-FB00-4810-8098-015A6FD0E7B5}.Release|Any CPU.ActiveCfg = Release|Any CPU
		{E25FE2D5-FB00-4810-8098-015A6FD0E7B5}.Release|Any CPU.Build.0 = Release|Any CPU
		{147AFABC-93A8-4BCB-B180-469900E226BD}.Debug|Any CPU.ActiveCfg = Debug|Any CPU
		{147AFABC-93A8-4BCB-B180-469900E226BD}.Debug|Any CPU.Build.0 = Debug|Any CPU
		{147AFABC-93A8-4BCB-B180-469900E226BD}.Release|Any CPU.ActiveCfg = Release|Any CPU
		{147AFABC-93A8-4BCB-B180-469900E226BD}.Release|Any CPU.Build.0 = Release|Any CPU
		{6F5E05A4-5F78-4DDB-B997-62A2EA2801FF}.Debug|Any CPU.ActiveCfg = Debug|Any CPU
		{6F5E05A4-5F78-4DDB-B997-62A2EA2801FF}.Debug|Any CPU.Build.0 = Debug|Any CPU
		{6F5E05A4-5F78-4DDB-B997-62A2EA2801FF}.Release|Any CPU.ActiveCfg = Release|Any CPU
		{6F5E05A4-5F78-4DDB-B997-62A2EA2801FF}.Release|Any CPU.Build.0 = Release|Any CPU
		{1C2D71E1-40EB-4D13-BA8E-311BCAC5A7A1}.Debug|Any CPU.ActiveCfg = Debug|Any CPU
		{1C2D71E1-40EB-4D13-BA8E-311BCAC5A7A1}.Debug|Any CPU.Build.0 = Debug|Any CPU
		{1C2D71E1-40EB-4D13-BA8E-311BCAC5A7A1}.Release|Any CPU.ActiveCfg = Release|Any CPU
		{1C2D71E1-40EB-4D13-BA8E-311BCAC5A7A1}.Release|Any CPU.Build.0 = Release|Any CPU
		{83278C76-8651-40D0-9B84-F8B1BD14BCBD}.Debug|Any CPU.ActiveCfg = Debug|Any CPU
		{83278C76-8651-40D0-9B84-F8B1BD14BCBD}.Debug|Any CPU.Build.0 = Debug|Any CPU
		{83278C76-8651-40D0-9B84-F8B1BD14BCBD}.Release|Any CPU.ActiveCfg = Release|Any CPU
		{83278C76-8651-40D0-9B84-F8B1BD14BCBD}.Release|Any CPU.Build.0 = Release|Any CPU
		{911BA4D3-D22B-49D9-93BA-C1E810F16A54}.Debug|Any CPU.ActiveCfg = Debug|Any CPU
		{911BA4D3-D22B-49D9-93BA-C1E810F16A54}.Debug|Any CPU.Build.0 = Debug|Any CPU
		{911BA4D3-D22B-49D9-93BA-C1E810F16A54}.Release|Any CPU.ActiveCfg = Release|Any CPU
		{911BA4D3-D22B-49D9-93BA-C1E810F16A54}.Release|Any CPU.Build.0 = Release|Any CPU
		{D59ED2E7-D377-473E-B3E8-8833D1381C1F}.Debug|Any CPU.ActiveCfg = Debug|Any CPU
		{D59ED2E7-D377-473E-B3E8-8833D1381C1F}.Debug|Any CPU.Build.0 = Debug|Any CPU
		{D59ED2E7-D377-473E-B3E8-8833D1381C1F}.Release|Any CPU.ActiveCfg = Release|Any CPU
		{D59ED2E7-D377-473E-B3E8-8833D1381C1F}.Release|Any CPU.Build.0 = Release|Any CPU
		{8BD8719E-308A-408B-BE19-FC44E8E19029}.Debug|Any CPU.ActiveCfg = Debug|Any CPU
		{8BD8719E-308A-408B-BE19-FC44E8E19029}.Debug|Any CPU.Build.0 = Debug|Any CPU
		{8BD8719E-308A-408B-BE19-FC44E8E19029}.Release|Any CPU.ActiveCfg = Release|Any CPU
		{8BD8719E-308A-408B-BE19-FC44E8E19029}.Release|Any CPU.Build.0 = Release|Any CPU
		{9A838399-EACB-4718-A369-3B7630F287AC}.Debug|Any CPU.ActiveCfg = Debug|Any CPU
		{9A838399-EACB-4718-A369-3B7630F287AC}.Debug|Any CPU.Build.0 = Debug|Any CPU
		{9A838399-EACB-4718-A369-3B7630F287AC}.Release|Any CPU.ActiveCfg = Release|Any CPU
		{9A838399-EACB-4718-A369-3B7630F287AC}.Release|Any CPU.Build.0 = Release|Any CPU
		{9104E279-BFE7-4826-942E-A5FD71A821CC}.Debug|Any CPU.ActiveCfg = Debug|Any CPU
		{9104E279-BFE7-4826-942E-A5FD71A821CC}.Debug|Any CPU.Build.0 = Debug|Any CPU
		{9104E279-BFE7-4826-942E-A5FD71A821CC}.Release|Any CPU.ActiveCfg = Release|Any CPU
		{9104E279-BFE7-4826-942E-A5FD71A821CC}.Release|Any CPU.Build.0 = Release|Any CPU
		{20E6F67A-E5C3-4CF1-BE83-E99F2B9D4644}.Debug|Any CPU.ActiveCfg = Debug|Any CPU
		{20E6F67A-E5C3-4CF1-BE83-E99F2B9D4644}.Debug|Any CPU.Build.0 = Debug|Any CPU
		{20E6F67A-E5C3-4CF1-BE83-E99F2B9D4644}.Release|Any CPU.ActiveCfg = Release|Any CPU
		{20E6F67A-E5C3-4CF1-BE83-E99F2B9D4644}.Release|Any CPU.Build.0 = Release|Any CPU
		{2D9B511A-AB77-47B7-B9AA-6636A4A2E6F1}.Debug|Any CPU.ActiveCfg = Debug|Any CPU
		{2D9B511A-AB77-47B7-B9AA-6636A4A2E6F1}.Debug|Any CPU.Build.0 = Debug|Any CPU
		{2D9B511A-AB77-47B7-B9AA-6636A4A2E6F1}.Release|Any CPU.ActiveCfg = Release|Any CPU
		{2D9B511A-AB77-47B7-B9AA-6636A4A2E6F1}.Release|Any CPU.Build.0 = Release|Any CPU
		{FD93F5C5-C2A9-45B6-B24B-82335244E964}.Debug|Any CPU.ActiveCfg = Debug|Any CPU
		{FD93F5C5-C2A9-45B6-B24B-82335244E964}.Debug|Any CPU.Build.0 = Debug|Any CPU
		{FD93F5C5-C2A9-45B6-B24B-82335244E964}.Release|Any CPU.ActiveCfg = Release|Any CPU
		{FD93F5C5-C2A9-45B6-B24B-82335244E964}.Release|Any CPU.Build.0 = Release|Any CPU
		{809B3757-245F-4E7F-A9BB-40285DB08056}.Debug|Any CPU.ActiveCfg = Debug|Any CPU
		{809B3757-245F-4E7F-A9BB-40285DB08056}.Debug|Any CPU.Build.0 = Debug|Any CPU
		{809B3757-245F-4E7F-A9BB-40285DB08056}.Release|Any CPU.ActiveCfg = Release|Any CPU
		{809B3757-245F-4E7F-A9BB-40285DB08056}.Release|Any CPU.Build.0 = Release|Any CPU
		{4C926D5D-2B1B-47E3-B04B-5B56680DB6E0}.Debug|Any CPU.ActiveCfg = Debug|Any CPU
		{4C926D5D-2B1B-47E3-B04B-5B56680DB6E0}.Debug|Any CPU.Build.0 = Debug|Any CPU
		{4C926D5D-2B1B-47E3-B04B-5B56680DB6E0}.Release|Any CPU.ActiveCfg = Release|Any CPU
		{4C926D5D-2B1B-47E3-B04B-5B56680DB6E0}.Release|Any CPU.Build.0 = Release|Any CPU
	EndGlobalSection
	GlobalSection(SolutionProperties) = preSolution
		HideSolutionNode = FALSE
	EndGlobalSection
	GlobalSection(NestedProjects) = preSolution
		{C1921EB6-06DF-4136-AF81-EDFF88C3D8F8} = {59969F3E-8100-4806-8D23-4FBCFA5436C4}
		{E1E0607F-16D2-4388-A9CD-4E89729830BD} = {59969F3E-8100-4806-8D23-4FBCFA5436C4}
		{E25FE2D5-FB00-4810-8098-015A6FD0E7B5} = {59969F3E-8100-4806-8D23-4FBCFA5436C4}
		{147AFABC-93A8-4BCB-B180-469900E226BD} = {59969F3E-8100-4806-8D23-4FBCFA5436C4}
		{6F5E05A4-5F78-4DDB-B997-62A2EA2801FF} = {C3CBFF25-8394-4A75-85E2-06D716855A56}
		{1C2D71E1-40EB-4D13-BA8E-311BCAC5A7A1} = {C3CBFF25-8394-4A75-85E2-06D716855A56}
		{83278C76-8651-40D0-9B84-F8B1BD14BCBD} = {C3CBFF25-8394-4A75-85E2-06D716855A56}
		{911BA4D3-D22B-49D9-93BA-C1E810F16A54} = {C3CBFF25-8394-4A75-85E2-06D716855A56}
		{D59ED2E7-D377-473E-B3E8-8833D1381C1F} = {FA2BB3F2-F189-4FAD-84F0-44A774E12A4D}
		{8BD8719E-308A-408B-BE19-FC44E8E19029} = {FA2BB3F2-F189-4FAD-84F0-44A774E12A4D}
		{9A838399-EACB-4718-A369-3B7630F287AC} = {FA2BB3F2-F189-4FAD-84F0-44A774E12A4D}
		{9104E279-BFE7-4826-942E-A5FD71A821CC} = {FA2BB3F2-F189-4FAD-84F0-44A774E12A4D}
		{20E6F67A-E5C3-4CF1-BE83-E99F2B9D4644} = {C2C54FBC-4BFE-41E8-BF90-47C334F25FA1}
		{2D9B511A-AB77-47B7-B9AA-6636A4A2E6F1} = {C2C54FBC-4BFE-41E8-BF90-47C334F25FA1}
		{FD93F5C5-C2A9-45B6-B24B-82335244E964} = {C2C54FBC-4BFE-41E8-BF90-47C334F25FA1}
		{809B3757-245F-4E7F-A9BB-40285DB08056} = {046934A3-978B-43D1-BB08-28499EC038FB}
		{4C926D5D-2B1B-47E3-B04B-5B56680DB6E0} = {FE39C43B-D412-4002-A873-0E23F3D425F3}
	EndGlobalSection
	GlobalSection(ExtensibilityGlobals) = postSolution
		SolutionGuid = {70EECE40-E901-4641-87E0-5B7DABFE3EAE}
	EndGlobalSection
EndGlobal
