
Microsoft Visual Studio Solution File, Format Version 12.00
# Visual Studio 15
VisualStudioVersion = 15.0.28010.2046
MinimumVisualStudioVersion = 10.0.40219.1
Project("{FAE04EC0-301F-11D3-BF4B-00C04F79EFBC}") = "DesignPatterns", "DesignPatterns\DesignPatterns.csproj", "{24E4C283-FAB1-41B3-9ADB-836647A01986}"
EndProject
Project("{2150E333-8FDC-42A3-9474-1A3956D46DE8}") = "FactoryPattern", "FactoryPattern", "{59969F3E-8100-4806-8D23-4FBCFA5436C4}"
EndProject
Project("{FAE04EC0-301F-11D3-BF4B-00C04F79EFBC}") = "CarAbstractFactory", "CarAbstractFactory\CarAbstractFactory.csproj", "{C1921EB6-06DF-4136-AF81-EDFF88C3D8F8}"
EndProject
Project("{FAE04EC0-301F-11D3-BF4B-00C04F79EFBC}") = "PizzaAbstractFactory", "PizzaAbstractFactory\PizzaAbstractFactory.csproj", "{E1E0607F-16D2-4388-A9CD-4E89729830BD}"
EndProject
Project("{FAE04EC0-301F-11D3-BF4B-00C04F79EFBC}") = "PizzaFactoryMethod", "PizzaFactory\PizzaFactoryMethod.csproj", "{E25FE2D5-FB00-4810-8098-015A6FD0E7B5}"
EndProject
Project("{FAE04EC0-301F-11D3-BF4B-00C04F79EFBC}") = "PizzaSimpleFactory", "PizzaSimpleFactory\PizzaSimpleFactory.csproj", "{147AFABC-93A8-4BCB-B180-469900E226BD}"
EndProject
Global
	GlobalSection(SolutionConfigurationPlatforms) = preSolution
		Debug|Any CPU = Debug|Any CPU
		Release|Any CPU = Release|Any CPU
	EndGlobalSection
	GlobalSection(ProjectConfigurationPlatforms) = postSolution
		{24E4C283-FAB1-41B3-9ADB-836647A01986}.Debug|Any CPU.ActiveCfg = Debug|Any CPU
		{24E4C283-FAB1-41B3-9ADB-836647A01986}.Debug|Any CPU.Build.0 = Debug|Any CPU
		{24E4C283-FAB1-41B3-9ADB-836647A01986}.Release|Any CPU.ActiveCfg = Release|Any CPU
		{24E4C283-FAB1-41B3-9ADB-836647A01986}.Release|Any CPU.Build.0 = Release|Any CPU
		{C1921EB6-06DF-4136-AF81-EDFF88C3D8F8}.Debug|Any CPU.ActiveCfg = Debug|Any CPU
		{C1921EB6-06DF-4136-AF81-EDFF88C3D8F8}.Debug|Any CPU.Build.0 = Debug|Any CPU
		{C1921EB6-06DF-4136-AF81-EDFF88C3D8F8}.Release|Any CPU.ActiveCfg = Release|Any CPU
		{C1921EB6-06DF-4136-AF81-EDFF88C3D8F8}.Release|Any CPU.Build.0 = Release|Any CPU
		{E1E0607F-16D2-4388-A9CD-4E89729830BD}.Debug|Any CPU.ActiveCfg = Debug|Any CPU
		{E1E0607F-16D2-4388-A9CD-4E89729830BD}.Debug|Any CPU.Build.0 = Debug|Any CPU
		{E1E0607F-16D2-4388-A9CD-4E89729830BD}.Release|Any CPU.ActiveCfg = Release|Any CPU
		{E1E0607F-16D2-4388-A9CD-4E89729830BD}.Release|Any CPU.Build.0 = Release|Any CPU
		{E25FE2D5-FB00-4810-8098-015A6FD0E7B5}.Debug|Any CPU.ActiveCfg = Debug|Any CPU
		{E25FE2D5-FB00-4810-8098-015A6FD0E7B5}.Debug|Any CPU.Build.0 = Debug|Any CPU
		{E25FE2D5-FB00-4810-8098-015A6FD0E7B5}.Release|Any CPU.ActiveCfg = Release|Any CPU
		{E25FE2D5-FB00-4810-8098-015A6FD0E7B5}.Release|Any CPU.Build.0 = Release|Any CPU
		{147AFABC-93A8-4BCB-B180-469900E226BD}.Debug|Any CPU.ActiveCfg = Debug|Any CPU
		{147AFABC-93A8-4BCB-B180-469900E226BD}.Debug|Any CPU.Build.0 = Debug|Any CPU
		{147AFABC-93A8-4BCB-B180-469900E226BD}.Release|Any CPU.ActiveCfg = Release|Any CPU
		{147AFABC-93A8-4BCB-B180-469900E226BD}.Release|Any CPU.Build.0 = Release|Any CPU
	EndGlobalSection
	GlobalSection(SolutionProperties) = preSolution
		HideSolutionNode = FALSE
	EndGlobalSection
	GlobalSection(NestedProjects) = preSolution
		{C1921EB6-06DF-4136-AF81-EDFF88C3D8F8} = {59969F3E-8100-4806-8D23-4FBCFA5436C4}
		{E1E0607F-16D2-4388-A9CD-4E89729830BD} = {59969F3E-8100-4806-8D23-4FBCFA5436C4}
		{E25FE2D5-FB00-4810-8098-015A6FD0E7B5} = {59969F3E-8100-4806-8D23-4FBCFA5436C4}
		{147AFABC-93A8-4BCB-B180-469900E226BD} = {59969F3E-8100-4806-8D23-4FBCFA5436C4}
	EndGlobalSection
	GlobalSection(ExtensibilityGlobals) = postSolution
		SolutionGuid = {70EECE40-E901-4641-87E0-5B7DABFE3EAE}
	EndGlobalSection
EndGlobal
