
Microsoft Visual Studio Solution File, Format Version 12.00
# Visual Studio Version 16
VisualStudioVersion = 16.0.30621.155
MinimumVisualStudioVersion = 10.0.40219.1
Project("{9A19103F-16F7-4668-BE54-9A1E7A4F7556}") = "FactoryMethod", "FactoryMethod\FactoryMethod.csproj", "{E6CA7E58-0012-4BAD-8DA9-A1189B213D5B}"
EndProject
Project("{9A19103F-16F7-4668-BE54-9A1E7A4F7556}") = "AbstractFactory", "AbstractFactory\AbstractFactory.csproj", "{5A355E2D-1441-4635-8BEC-629D9094EEA8}"
EndProject
Project("{9A19103F-16F7-4668-BE54-9A1E7A4F7556}") = "Builder", "Builder\Builder.csproj", "{BDED172F-1B91-4032-A9DB-00B27EA1588B}"
EndProject
Project("{9A19103F-16F7-4668-BE54-9A1E7A4F7556}") = "Prototype", "Prototype\Prototype.csproj", "{1F8E53B2-0D51-43A8-85E6-6FD93348A23A}"
EndProject
Project("{9A19103F-16F7-4668-BE54-9A1E7A4F7556}") = "Singleton", "Singleton\Singleton.csproj", "{05E47FC9-9254-4F0E-A65A-A5893120B309}"
EndProject
Project("{9A19103F-16F7-4668-BE54-9A1E7A4F7556}") = "Adapter", "Adapter\Adapter.csproj", "{A99FAEEA-D661-4798-BDFD-38E8D62C0ACB}"
EndProject
Project("{9A19103F-16F7-4668-BE54-9A1E7A4F7556}") = "Bridge", "Bridge\Bridge.csproj", "{C8E07089-9796-4F40-9163-1D27D1CDAB0C}"
EndProject
Project("{FAE04EC0-301F-11D3-BF4B-00C04F79EFBC}") = "Composite", "Composite\Composite.csproj", "{EFE4AAC0-7870-43A7-95D0-7B57880AACCE}"
EndProject
Global
	GlobalSection(SolutionConfigurationPlatforms) = preSolution
		Debug|Any CPU = Debug|Any CPU
		Release|Any CPU = Release|Any CPU
	EndGlobalSection
	GlobalSection(ProjectConfigurationPlatforms) = postSolution
		{E6CA7E58-0012-4BAD-8DA9-A1189B213D5B}.Debug|Any CPU.ActiveCfg = Debug|Any CPU
		{E6CA7E58-0012-4BAD-8DA9-A1189B213D5B}.Debug|Any CPU.Build.0 = Debug|Any CPU
		{E6CA7E58-0012-4BAD-8DA9-A1189B213D5B}.Release|Any CPU.ActiveCfg = Release|Any CPU
		{E6CA7E58-0012-4BAD-8DA9-A1189B213D5B}.Release|Any CPU.Build.0 = Release|Any CPU
		{5A355E2D-1441-4635-8BEC-629D9094EEA8}.Debug|Any CPU.ActiveCfg = Debug|Any CPU
		{5A355E2D-1441-4635-8BEC-629D9094EEA8}.Debug|Any CPU.Build.0 = Debug|Any CPU
		{5A355E2D-1441-4635-8BEC-629D9094EEA8}.Release|Any CPU.ActiveCfg = Release|Any CPU
		{5A355E2D-1441-4635-8BEC-629D9094EEA8}.Release|Any CPU.Build.0 = Release|Any CPU
		{BDED172F-1B91-4032-A9DB-00B27EA1588B}.Debug|Any CPU.ActiveCfg = Debug|Any CPU
		{BDED172F-1B91-4032-A9DB-00B27EA1588B}.Debug|Any CPU.Build.0 = Debug|Any CPU
		{BDED172F-1B91-4032-A9DB-00B27EA1588B}.Release|Any CPU.ActiveCfg = Release|Any CPU
		{BDED172F-1B91-4032-A9DB-00B27EA1588B}.Release|Any CPU.Build.0 = Release|Any CPU
		{1F8E53B2-0D51-43A8-85E6-6FD93348A23A}.Debug|Any CPU.ActiveCfg = Debug|Any CPU
		{1F8E53B2-0D51-43A8-85E6-6FD93348A23A}.Debug|Any CPU.Build.0 = Debug|Any CPU
		{1F8E53B2-0D51-43A8-85E6-6FD93348A23A}.Release|Any CPU.ActiveCfg = Release|Any CPU
		{1F8E53B2-0D51-43A8-85E6-6FD93348A23A}.Release|Any CPU.Build.0 = Release|Any CPU
		{05E47FC9-9254-4F0E-A65A-A5893120B309}.Debug|Any CPU.ActiveCfg = Debug|Any CPU
		{05E47FC9-9254-4F0E-A65A-A5893120B309}.Debug|Any CPU.Build.0 = Debug|Any CPU
		{05E47FC9-9254-4F0E-A65A-A5893120B309}.Release|Any CPU.ActiveCfg = Release|Any CPU
		{05E47FC9-9254-4F0E-A65A-A5893120B309}.Release|Any CPU.Build.0 = Release|Any CPU
		{A99FAEEA-D661-4798-BDFD-38E8D62C0ACB}.Debug|Any CPU.ActiveCfg = Debug|Any CPU
		{A99FAEEA-D661-4798-BDFD-38E8D62C0ACB}.Debug|Any CPU.Build.0 = Debug|Any CPU
		{A99FAEEA-D661-4798-BDFD-38E8D62C0ACB}.Release|Any CPU.ActiveCfg = Release|Any CPU
		{A99FAEEA-D661-4798-BDFD-38E8D62C0ACB}.Release|Any CPU.Build.0 = Release|Any CPU
		{C8E07089-9796-4F40-9163-1D27D1CDAB0C}.Debug|Any CPU.ActiveCfg = Debug|Any CPU
		{C8E07089-9796-4F40-9163-1D27D1CDAB0C}.Debug|Any CPU.Build.0 = Debug|Any CPU
		{C8E07089-9796-4F40-9163-1D27D1CDAB0C}.Release|Any CPU.ActiveCfg = Release|Any CPU
		{C8E07089-9796-4F40-9163-1D27D1CDAB0C}.Release|Any CPU.Build.0 = Release|Any CPU
		{EFE4AAC0-7870-43A7-95D0-7B57880AACCE}.Debug|Any CPU.ActiveCfg = Debug|Any CPU
		{EFE4AAC0-7870-43A7-95D0-7B57880AACCE}.Debug|Any CPU.Build.0 = Debug|Any CPU
		{EFE4AAC0-7870-43A7-95D0-7B57880AACCE}.Release|Any CPU.ActiveCfg = Release|Any CPU
		{EFE4AAC0-7870-43A7-95D0-7B57880AACCE}.Release|Any CPU.Build.0 = Release|Any CPU
	EndGlobalSection
	GlobalSection(SolutionProperties) = preSolution
		HideSolutionNode = FALSE
	EndGlobalSection
	GlobalSection(ExtensibilityGlobals) = postSolution
		SolutionGuid = {C820B96B-26CB-4867-B25C-C4846253B84C}
	EndGlobalSection
EndGlobal
